
Microsoft Visual Studio Solution File, Format Version 12.00
# Visual Studio Version 16
VisualStudioVersion = 16.0.31105.61
MinimumVisualStudioVersion = 10.0.40219.1
Project("{FAE04EC0-301F-11D3-BF4B-00C04F79EFBC}") = "NetworkController", "NetworkController\NetworkController.csproj", "{0578539F-970B-48EC-96CB-BD0D6809061C}"
EndProject
Global
	GlobalSection(SolutionConfigurationPlatforms) = preSolution
		Debug|Any CPU = Debug|Any CPU
		Release|Any CPU = Release|Any CPU
	EndGlobalSection
	GlobalSection(ProjectConfigurationPlatforms) = postSolution
		{0578539F-970B-48EC-96CB-BD0D6809061C}.Debug|Any CPU.ActiveCfg = Debug|Any CPU
		{0578539F-970B-48EC-96CB-BD0D6809061C}.Debug|Any CPU.Build.0 = Debug|Any CPU
		{0578539F-970B-48EC-96CB-BD0D6809061C}.Release|Any CPU.ActiveCfg = Release|Any CPU
		{0578539F-970B-48EC-96CB-BD0D6809061C}.Release|Any CPU.Build.0 = Release|Any CPU
	EndGlobalSection
	GlobalSection(SolutionProperties) = preSolution
		HideSolutionNode = FALSE
	EndGlobalSection
	GlobalSection(ExtensibilityGlobals) = postSolution
		SolutionGuid = {DC22C491-88E4-429D-A078-F259FA98DEB0}
	EndGlobalSection
EndGlobal
